
Microsoft Visual Studio Solution File, Format Version 12.00
# Visual Studio 2012
Project("{FAE04EC0-301F-11D3-BF4B-00C04F79EFBC}") = "ServiceFrameworkAdapter", "src\ServiceFrameworkAdapter\ServiceFrameworkAdapter.csproj", "{371AEDD4-FFED-4363-A655-64AACB335EAF}"
EndProject
Project("{FAE04EC0-301F-11D3-BF4B-00C04F79EFBC}") = "AdapterTest", "src\AdapterTest\AdapterTest.csproj", "{9319D585-1F11-42D2-AD7E-FB0C713E6E1D}"
EndProject
Global
	GlobalSection(SolutionConfigurationPlatforms) = preSolution
		Debug|Any CPU = Debug|Any CPU
		Release|Any CPU = Release|Any CPU
	EndGlobalSection
	GlobalSection(ProjectConfigurationPlatforms) = postSolution
		{371AEDD4-FFED-4363-A655-64AACB335EAF}.Debug|Any CPU.ActiveCfg = Debug|Any CPU
		{371AEDD4-FFED-4363-A655-64AACB335EAF}.Debug|Any CPU.Build.0 = Debug|Any CPU
		{371AEDD4-FFED-4363-A655-64AACB335EAF}.Release|Any CPU.ActiveCfg = Release|Any CPU
		{371AEDD4-FFED-4363-A655-64AACB335EAF}.Release|Any CPU.Build.0 = Release|Any CPU
		{9319D585-1F11-42D2-AD7E-FB0C713E6E1D}.Debug|Any CPU.ActiveCfg = Debug|Any CPU
		{9319D585-1F11-42D2-AD7E-FB0C713E6E1D}.Debug|Any CPU.Build.0 = Debug|Any CPU
		{9319D585-1F11-42D2-AD7E-FB0C713E6E1D}.Release|Any CPU.ActiveCfg = Release|Any CPU
		{9319D585-1F11-42D2-AD7E-FB0C713E6E1D}.Release|Any CPU.Build.0 = Release|Any CPU
	EndGlobalSection
	GlobalSection(SolutionProperties) = preSolution
		HideSolutionNode = FALSE
	EndGlobalSection
EndGlobal
